// !$*UTF8*$!
{
	archiveVersion = 1;
	classes = {
	};
	objectVersion = 48;
	objects = {

/* Begin PBXBuildFile section */
		0AF2E6892064F63300C85380 /* AppDelegate.m in Sources */ = {isa = PBXBuildFile; fileRef = 0AF2E6882064F63300C85380 /* AppDelegate.m */; };
		0AF2E68C2064F63300C85380 /* ViewController.m in Sources */ = {isa = PBXBuildFile; fileRef = 0AF2E68B2064F63300C85380 /* ViewController.m */; };
		0AF2E68F2064F63300C85380 /* Main.storyboard in Resources */ = {isa = PBXBuildFile; fileRef = 0AF2E68D2064F63300C85380 /* Main.storyboard */; };
		0AF2E6912064F63300C85380 /* Assets.xcassets in Resources */ = {isa = PBXBuildFile; fileRef = 0AF2E6902064F63300C85380 /* Assets.xcassets */; };
		0AF2E6942064F63300C85380 /* LaunchScreen.storyboard in Resources */ = {isa = PBXBuildFile; fileRef = 0AF2E6922064F63300C85380 /* LaunchScreen.storyboard */; };
		0AF2E6972064F63300C85380 /* main.m in Sources */ = {isa = PBXBuildFile; fileRef = 0AF2E6962064F63300C85380 /* main.m */; };
		0AF2E6A12064F6DC00C85380 /* LaunchView.m in Sources */ = {isa = PBXBuildFile; fileRef = 0AF2E69F2064F6DC00C85380 /* LaunchView.m */; };
		0AF2E6A32064F6E800C85380 /* background.png in Resources */ = {isa = PBXBuildFile; fileRef = 0AF2E6A22064F6E700C85380 /* background.png */; };
/* End PBXBuildFile section */

/* Begin PBXFileReference section */
		0AF2E6842064F63300C85380 /* LaunchAnimation.app */ = {isa = PBXFileReference; explicitFileType = wrapper.application; includeInIndex = 0; path = LaunchAnimation.app; sourceTree = BUILT_PRODUCTS_DIR; };
		0AF2E6872064F63300C85380 /* AppDelegate.h */ = {isa = PBXFileReference; lastKnownFileType = sourcecode.c.h; path = AppDelegate.h; sourceTree = "<group>"; };
		0AF2E6882064F63300C85380 /* AppDelegate.m */ = {isa = PBXFileReference; lastKnownFileType = sourcecode.c.objc; path = AppDelegate.m; sourceTree = "<group>"; };
		0AF2E68A2064F63300C85380 /* ViewController.h */ = {isa = PBXFileReference; lastKnownFileType = sourcecode.c.h; path = ViewController.h; sourceTree = "<group>"; };
		0AF2E68B2064F63300C85380 /* ViewController.m */ = {isa = PBXFileReference; lastKnownFileType = sourcecode.c.objc; path = ViewController.m; sourceTree = "<group>"; };
		0AF2E68E2064F63300C85380 /* Base */ = {isa = PBXFileReference; lastKnownFileType = file.storyboard; name = Base; path = Base.lproj/Main.storyboard; sourceTree = "<group>"; };
		0AF2E6902064F63300C85380 /* Assets.xcassets */ = {isa = PBXFileReference; lastKnownFileType = folder.assetcatalog; path = Assets.xcassets; sourceTree = "<group>"; };
		0AF2E6932064F63300C85380 /* Base */ = {isa = PBXFileReference; lastKnownFileType = file.storyboard; name = Base; path = Base.lproj/LaunchScreen.storyboard; sourceTree = "<group>"; };
		0AF2E6952064F63300C85380 /* Info.plist */ = {isa = PBXFileReference; lastKnownFileType = text.plist.xml; path = Info.plist; sourceTree = "<group>"; };
		0AF2E6962064F63300C85380 /* main.m */ = {isa = PBXFileReference; lastKnownFileType = sourcecode.c.objc; path = main.m; sourceTree = "<group>"; };
		0AF2E69F2064F6DC00C85380 /* LaunchView.m */ = {isa = PBXFileReference; fileEncoding = 4; lastKnownFileType = sourcecode.c.objc; path = LaunchView.m; sourceTree = "<group>"; };
		0AF2E6A02064F6DC00C85380 /* LaunchView.h */ = {isa = PBXFileReference; fileEncoding = 4; lastKnownFileType = sourcecode.c.h; path = LaunchView.h; sourceTree = "<group>"; };
		0AF2E6A22064F6E700C85380 /* background.png */ = {isa = PBXFileReference; lastKnownFileType = image.png; path = background.png; sourceTree = "<group>"; };
/* End PBXFileReference section */

/* Begin PBXFrameworksBuildPhase section */
		0AF2E6812064F63300C85380 /* Frameworks */ = {
			isa = PBXFrameworksBuildPhase;
			buildActionMask = 2147483647;
			files = (
			);
			runOnlyForDeploymentPostprocessing = 0;
		};
/* End PBXFrameworksBuildPhase section */

/* Begin PBXGroup section */
		0AF2E67B2064F63300C85380 = {
			isa = PBXGroup;
			children = (
				0AF2E6862064F63300C85380 /* LaunchAnimation */,
				0AF2E6852064F63300C85380 /* Products */,
			);
			sourceTree = "<group>";
		};
		0AF2E6852064F63300C85380 /* Products */ = {
			isa = PBXGroup;
			children = (
				0AF2E6842064F63300C85380 /* LaunchAnimation.app */,
			);
			name = Products;
			sourceTree = "<group>";
		};
		0AF2E6862064F63300C85380 /* LaunchAnimation */ = {
			isa = PBXGroup;
			children = (
				0AF2E69E2064F6DC00C85380 /* LaunchView */,
				0AF2E6872064F63300C85380 /* AppDelegate.h */,
				0AF2E6882064F63300C85380 /* AppDelegate.m */,
				0AF2E68A2064F63300C85380 /* ViewController.h */,
				0AF2E68B2064F63300C85380 /* ViewController.m */,
				0AF2E6A22064F6E700C85380 /* background.png */,
				0AF2E68D2064F63300C85380 /* Main.storyboard */,
				0AF2E6902064F63300C85380 /* Assets.xcassets */,
				0AF2E6922064F63300C85380 /* LaunchScreen.storyboard */,
				0AF2E6952064F63300C85380 /* Info.plist */,
				0AF2E6962064F63300C85380 /* main.m */,
			);
			path = LaunchAnimation;
			sourceTree = "<group>";
		};
		0AF2E69E2064F6DC00C85380 /* LaunchView */ = {
			isa = PBXGroup;
			children = (
				0AF2E69F2064F6DC00C85380 /* LaunchView.m */,
				0AF2E6A02064F6DC00C85380 /* LaunchView.h */,
			);
			path = LaunchView;
			sourceTree = "<group>";
		};
/* End PBXGroup section */

/* Begin PBXNativeTarget section */
		0AF2E6832064F63300C85380 /* LaunchAnimation */ = {
			isa = PBXNativeTarget;
			buildConfigurationList = 0AF2E69A2064F63300C85380 /* Build configuration list for PBXNativeTarget "LaunchAnimation" */;
			buildPhases = (
				0AF2E6802064F63300C85380 /* Sources */,
				0AF2E6812064F63300C85380 /* Frameworks */,
				0AF2E6822064F63300C85380 /* Resources */,
			);
			buildRules = (
			);
			dependencies = (
			);
			name = LaunchAnimation;
			productName = LaunchAnimation;
			productReference = 0AF2E6842064F63300C85380 /* LaunchAnimation.app */;
			productType = "com.apple.product-type.application";
		};
/* End PBXNativeTarget section */

/* Begin PBXProject section */
		0AF2E67C2064F63300C85380 /* Project object */ = {
			isa = PBXProject;
			attributes = {
				LastUpgradeCheck = 0900;
				ORGANIZATIONNAME = Mr.li;
				TargetAttributes = {
					0AF2E6832064F63300C85380 = {
						CreatedOnToolsVersion = 9.0;
						ProvisioningStyle = Automatic;
					};
				};
			};
			buildConfigurationList = 0AF2E67F2064F63300C85380 /* Build configuration list for PBXProject "LaunchAnimation" */;
			compatibilityVersion = "Xcode 8.0";
			developmentRegion = en;
			hasScannedForEncodings = 0;
			knownRegions = (
				en,
				Base,
			);
			mainGroup = 0AF2E67B2064F63300C85380;
			productRefGroup = 0AF2E6852064F63300C85380 /* Products */;
			projectDirPath = "";
			projectRoot = "";
			targets = (
				0AF2E6832064F63300C85380 /* LaunchAnimation */,
			);
		};
/* End PBXProject section */

/* Begin PBXResourcesBuildPhase section */
		0AF2E6822064F63300C85380 /* Resources */ = {
			isa = PBXResourcesBuildPhase;
			buildActionMask = 2147483647;
			files = (
				0AF2E6942064F63300C85380 /* LaunchScreen.storyboard in Resources */,
				0AF2E6A32064F6E800C85380 /* background.png in Resources */,
				0AF2E6912064F63300C85380 /* Assets.xcassets in Resources */,
				0AF2E68F2064F63300C85380 /* Main.storyboard in Resources */,
			);
			runOnlyForDeploymentPostprocessing = 0;
		};
/* End PBXResourcesBuildPhase section */

/* Begin PBXSourcesBuildPhase section */
		0AF2E6802064F63300C85380 /* Sources */ = {
			isa = PBXSourcesBuildPhase;
			buildActionMask = 2147483647;
			files = (
				0AF2E68C2064F63300C85380 /* ViewController.m in Sources */,
				0AF2E6A12064F6DC00C85380 /* LaunchView.m in Sources */,
				0AF2E6972064F63300C85380 /* main.m in Sources */,
				0AF2E6892064F63300C85380 /* AppDelegate.m in Sources */,
			);
			runOnlyForDeploymentPostprocessing = 0;
		};
/* End PBXSourcesBuildPhase section */

/* Begin PBXVariantGroup section */
		0AF2E68D2064F63300C85380 /* Main.storyboard */ = {
			isa = PBXVariantGroup;
			children = (
				0AF2E68E2064F63300C85380 /* Base */,
			);
			name = Main.storyboard;
			sourceTree = "<group>";
		};
		0AF2E6922064F63300C85380 /* LaunchScreen.storyboard */ = {
			isa = PBXVariantGroup;
			children = (
				0AF2E6932064F63300C85380 /* Base */,
			);
			name = LaunchScreen.storyboard;
			sourceTree = "<group>";
		};
/* End PBXVariantGroup section */

/* Begin XCBuildConfiguration section */
		0AF2E6982064F63300C85380 /* Debug */ = {
			isa = XCBuildConfiguration;
			buildSettings = {
				ALWAYS_SEARCH_USER_PATHS = NO;
				CLANG_ANALYZER_NONNULL = YES;
				CLANG_ANALYZER_NUMBER_OBJECT_CONVERSION = YES_AGGRESSIVE;
				CLANG_CXX_LANGUAGE_STANDARD = "gnu++14";
				CLANG_CXX_LIBRARY = "libc++";
				CLANG_ENABLE_MODULES = YES;
				CLANG_ENABLE_OBJC_ARC = YES;
				CLANG_WARN_BLOCK_CAPTURE_AUTORELEASING = YES;
				CLANG_WARN_BOOL_CONVERSION = YES;
				CLANG_WARN_COMMA = YES;
				CLANG_WARN_CONSTANT_CONVERSION = YES;
				CLANG_WARN_DIRECT_OBJC_ISA_USAGE = YES_ERROR;
				CLANG_WARN_DOCUMENTATION_COMMENTS = YES;
				CLANG_WARN_EMPTY_BODY = YES;
				CLANG_WARN_ENUM_CONVERSION = YES;
				CLANG_WARN_INFINITE_RECURSION = YES;
				CLANG_WARN_INT_CONVERSION = YES;
				CLANG_WARN_NON_LITERAL_NULL_CONVERSION = YES;
				CLANG_WARN_OBJC_LITERAL_CONVERSION = YES;
				CLANG_WARN_OBJC_ROOT_CLASS = YES_ERROR;
				CLANG_WARN_RANGE_LOOP_ANALYSIS = YES;
				CLANG_WARN_STRICT_PROTOTYPES = YES;
				CLANG_WARN_SUSPICIOUS_MOVE = YES;
				CLANG_WARN_UNGUARDED_AVAILABILITY = YES_AGGRESSIVE;
				CLANG_WARN_UNREACHABLE_CODE = YES;
				CLANG_WARN__DUPLICATE_METHOD_MATCH = YES;
				CODE_SIGN_IDENTITY = "iPhone Developer";
				COPY_PHASE_STRIP = NO;
				DEBUG_INFORMATION_FORMAT = dwarf;
				ENABLE_STRICT_OBJC_MSGSEND = YES;
				ENABLE_TESTABILITY = YES;
				GCC_C_LANGUAGE_STANDARD = gnu11;
				GCC_DYNAMIC_NO_PIC = NO;
				GCC_NO_COMMON_BLOCKS = YES;
				GCC_OPTIMIZATION_LEVEL = 0;
				GCC_PREPROCESSOR_DEFINITIONS = (
					"DEBUG=1",
					"$(inherited)",
				);
				GCC_WARN_64_TO_32_BIT_CONVERSION = YES;
				GCC_WARN_ABOUT_RETURN_TYPE = YES_ERROR;
				GCC_WARN_UNDECLARED_SELECTOR = YES;
				GCC_WARN_UNINITIALIZED_AUTOS = YES_AGGRESSIVE;
				GCC_WARN_UNUSED_FUNCTION = YES;
				GCC_WARN_UNUSED_VARIABLE = YES;
				IPHONEOS_DEPLOYMENT_TARGET = 11.0;
				MTL_ENABLE_DEBUG_INFO = YES;
				ONLY_ACTIVE_ARCH = YES;
				SDKROOT = iphoneos;
			};
			name = Debug;
		};
		0AF2E6992064F63300C85380 /* Release */ = {
			isa = XCBuildConfiguration;
			buildSettings = {
				ALWAYS_SEARCH_USER_PATHS = NO;
				CLANG_ANALYZER_NONNULL = YES;
				CLANG_ANALYZER_NUMBER_OBJECT_CONVERSION = YES_AGGRESSIVE;
				CLANG_CXX_LANGUAGE_STANDARD = "gnu++14";
				CLANG_CXX_LIBRARY = "libc++";
				CLANG_ENABLE_MODULES = YES;
				CLANG_ENABLE_OBJC_ARC = YES;
				CLANG_WARN_BLOCK_CAPTURE_AUTORELEASING = YES;
				CLANG_WARN_BOOL_CONVERSION = YES;
				CLANG_WARN_COMMA = YES;
				CLANG_WARN_CONSTANT_CONVERSION = YES;
				CLANG_WARN_DIRECT_OBJC_ISA_USAGE = YES_ERROR;
				CLANG_WARN_DOCUMENTATION_COMMENTS = YES;
				CLANG_WARN_EMPTY_BODY = YES;
				CLANG_WARN_ENUM_CONVERSION = YES;
				CLANG_WARN_INFINITE_RECURSION = YES;
				CLANG_WARN_INT_CONVERSION = YES;
				CLANG_WARN_NON_LITERAL_NULL_CONVERSION = YES;
				CLANG_WARN_OBJC_LITERAL_CONVERSION = YES;
				CLANG_WARN_OBJC_ROOT_CLASS = YES_ERROR;
				CLANG_WARN_RANGE_LOOP_ANALYSIS = YES;
				CLANG_WARN_STRICT_PROTOTYPES = YES;
				CLANG_WARN_SUSPICIOUS_MOVE = YES;
				CLANG_WARN_UNGUARDED_AVAILABILITY = YES_AGGRESSIVE;
				CLANG_WARN_UNREACHABLE_CODE = YES;
				CLANG_WARN__DUPLICATE_METHOD_MATCH = YES;
				CODE_SIGN_IDENTITY = "iPhone Developer";
				COPY_PHASE_STRIP = NO;
				DEBUG_INFORMATION_FORMAT = "dwarf-with-dsym";
				ENABLE_NS_ASSERTIONS = NO;
				ENABLE_STRICT_OBJC_MSGSEND = YES;
				GCC_C_LANGUAGE_STANDARD = gnu11;
				GCC_NO_COMMON_BLOCKS = YES;
				GCC_WARN_64_TO_32_BIT_CONVERSION = YES;
				GCC_WARN_ABOUT_RETURN_TYPE = YES_ERROR;
				GCC_WARN_UNDECLARED_SELECTOR = YES;
				GCC_WARN_UNINITIALIZED_AUTOS = YES_AGGRESSIVE;
				GCC_WARN_UNUSED_FUNCTION = YES;
				GCC_WARN_UNUSED_VARIABLE = YES;
				IPHONEOS_DEPLOYMENT_TARGET = 11.0;
				MTL_ENABLE_DEBUG_INFO = NO;
				SDKROOT = iphoneos;
				VALIDATE_PRODUCT = YES;
			};
			name = Release;
		};
		0AF2E69B2064F63300C85380 /* Debug */ = {
			isa = XCBuildConfiguration;
			buildSettings = {
				ASSETCATALOG_COMPILER_APPICON_NAME = AppIcon;
				ASSETCATALOG_COMPILER_LAUNCHIMAGE_NAME = LaunchImage;
				CODE_SIGN_STYLE = Automatic;
				DEVELOPMENT_TEAM = 55CG5MRG6A;
				INFOPLIST_FILE = LaunchAnimation/Info.plist;
				LD_RUNPATH_SEARCH_PATHS = "$(inherited) @executable_path/Frameworks";
				PRODUCT_BUNDLE_IDENTIFIER = com.li.LaunchAnimation;
				PRODUCT_NAME = "$(TARGET_NAME)";
				TARGETED_DEVICE_FAMILY = "1,2";
			};
			name = Debug;
		};
		0AF2E69C2064F63300C85380 /* Release */ = {
			isa = XCBuildConfiguration;
			buildSettings = {
				ASSETCATALOG_COMPILER_APPICON_NAME = AppIcon;
				ASSETCATALOG_COMPILER_LAUNCHIMAGE_NAME = LaunchImage;
				CODE_SIGN_STYLE = Automatic;
				DEVELOPMENT_TEAM = 55CG5MRG6A;
				INFOPLIST_FILE = LaunchAnimation/Info.plist;
				LD_RUNPATH_SEARCH_PATHS = "$(inherited) @executable_path/Frameworks";
				PRODUCT_BUNDLE_IDENTIFIER = com.li.LaunchAnimation;
				PRODUCT_NAME = "$(TARGET_NAME)";
				TARGETED_DEVICE_FAMILY = "1,2";
			};
			name = Release;
		};
/* End XCBuildConfiguration section */

/* Begin XCConfigurationList section */
		0AF2E67F2064F63300C85380 /* Build configuration list for PBXProject "LaunchAnimation" */ = {
			isa = XCConfigurationList;
			buildConfigurations = (
				0AF2E6982064F63300C85380 /* Debug */,
				0AF2E6992064F63300C85380 /* Release */,
			);
			defaultConfigurationIsVisible = 0;
			defaultConfigurationName = Release;
		};
		0AF2E69A2064F63300C85380 /* Build configuration list for PBXNativeTarget "LaunchAnimation" */ = {
			isa = XCConfigurationList;
			buildConfigurations = (
				0AF2E69B2064F63300C85380 /* Debug */,
				0AF2E69C2064F63300C85380 /* Release */,
			);
			defaultConfigurationIsVisible = 0;
			defaultConfigurationName = Release;
		};
/* End XCConfigurationList section */
	};
	rootObject = 0AF2E67C2064F63300C85380 /* Project object */;
}
